{
  "lockfile_version": "1",
  "packages": {
    "cabal-install@3.8.1.0": {
      "last_modified": "2023-03-28T10:29:13Z",
      "resolved": "github:NixOS/nixpkgs/98f3b08f58ff125ef02d55cd52a83f44f245f2ea#cabal-install",
      "source": "devbox-search",
      "version": "3.8.1.0",
      "systems": {
        "aarch64-darwin": {
          "outputs": [
            {
              "name": "out",
              "path": "/nix/store/060dvanq07yffbjqqard255g3rf80npk-cabal-install-3.8.1.0",
              "default": true
            }
          ],
          "store_path": "/nix/store/060dvanq07yffbjqqard255g3rf80npk-cabal-install-3.8.1.0"
        },
        "aarch64-linux": {
          "outputs": [
            {
              "name": "out",
              "path": "/nix/store/8wkk6h4bd8sdwnllp2dfhrra2sjss6a5-cabal-install-3.8.1.0",
              "default": true
            }
          ],
          "store_path": "/nix/store/8wkk6h4bd8sdwnllp2dfhrra2sjss6a5-cabal-install-3.8.1.0"
        },
        "x86_64-darwin": {
          "outputs": [
            {
              "name": "out",
              "path": "/nix/store/2r5gydfgs3lg3f928q0ch11x2kwz2nj5-cabal-install-3.8.1.0",
              "default": true
            }
          ],
          "store_path": "/nix/store/2r5gydfgs3lg3f928q0ch11x2kwz2nj5-cabal-install-3.8.1.0"
        },
        "x86_64-linux": {
          "outputs": [
            {
              "name": "out",
              "path": "/nix/store/wx9yy9mq1psqzqnmqnvrchgqgfhvaz7q-cabal-install-3.8.1.0",
              "default": true
            }
          ],
          "store_path": "/nix/store/wx9yy9mq1psqzqnmqnvrchgqgfhvaz7q-cabal-install-3.8.1.0"
        }
      }
    },
    "ghc@9.4.8": {
      "last_modified": "2024-03-08T13:51:52Z",
      "plugin_version": "0.0.2",
      "resolved": "github:NixOS/nixpkgs/a343533bccc62400e8a9560423486a3b6c11a23b#ghc",
      "source": "devbox-search",
      "version": "9.4.8",
      "systems": {
        "aarch64-darwin": {
          "outputs": [
            {
              "name": "out",
              "path": "/nix/store/ldgr8rqmkq941pwgi7zl80d3akil3va4-ghc-9.4.8",
              "default": true
            },
            {
              "name": "doc",
              "path": "/nix/store/52c8i1i3xmnzygakwigam3npa8qkfdzw-ghc-9.4.8-doc"
            }
          ],
          "store_path": "/nix/store/ldgr8rqmkq941pwgi7zl80d3akil3va4-ghc-9.4.8"
        },
        "aarch64-linux": {
          "outputs": [
            {
              "name": "out",
              "path": "/nix/store/32y2ypndq67irn7ryhnsvabmcpypvnlx-ghc-9.4.8",
              "default": true
            },
            {
              "name": "doc",
              "path": "/nix/store/16d4chgy1ax686agmz7i46kxvml755z5-ghc-9.4.8-doc"
            }
          ],
          "store_path": "/nix/store/32y2ypndq67irn7ryhnsvabmcpypvnlx-ghc-9.4.8"
        },
        "x86_64-darwin": {
          "outputs": [
            {
              "name": "out",
              "path": "/nix/store/j7lqyfkfbzkn1qna9mmfdz7m72n0s9r1-ghc-9.4.8",
              "default": true
            },
            {
              "name": "doc",
              "path": "/nix/store/mvb1r4mjw95z06pii94a10ly09fm1zpd-ghc-9.4.8-doc"
            }
          ],
          "store_path": "/nix/store/j7lqyfkfbzkn1qna9mmfdz7m72n0s9r1-ghc-9.4.8"
        },
        "x86_64-linux": {
          "outputs": [
            {
              "name": "out",
              "path": "/nix/store/b29abywbk2yxl199nvf9b4b04fzqgzs0-ghc-9.4.8",
              "default": true
            },
            {
              "name": "doc",
              "path": "/nix/store/011fj4igd8jd4wmhbn6rjfww91h908rz-ghc-9.4.8-doc"
            }
          ],
          "store_path": "/nix/store/b29abywbk2yxl199nvf9b4b04fzqgzs0-ghc-9.4.8"
        }
      }
    },
    "nodejs@20": {
      "last_modified": "2024-12-03T12:40:06Z",
      "plugin_version": "0.0.2",
      "resolved": "github:NixOS/nixpkgs/566e53c2ad750c84f6d31f9ccb9d00f823165550#nodejs_20",
      "source": "devbox-search",
      "version": "20.18.1",
      "systems": {
        "aarch64-darwin": {
          "outputs": [
            {
              "name": "out",
              "path": "/nix/store/f0lm95g31vpknr8jj9xw53cx2rqly2nm-nodejs-20.18.1",
              "default": true
            },
            {
              "name": "libv8",
              "path": "/nix/store/l17919sgiw0i3awxlpic9z9a3g2d0rgv-nodejs-20.18.1-libv8"
            }
          ],
          "store_path": "/nix/store/f0lm95g31vpknr8jj9xw53cx2rqly2nm-nodejs-20.18.1"
        },
        "aarch64-linux": {
          "outputs": [
            {
              "name": "out",
              "path": "/nix/store/vqv3dblqx76k185jg4ym5i3dz196lv19-nodejs-20.18.1",
              "default": true
            },
            {
              "name": "libv8",
              "path": "/nix/store/1pp9h9ma5ps2w3n7abkd3ipgjnmixwpm-nodejs-20.18.1-libv8"
            }
          ],
          "store_path": "/nix/store/vqv3dblqx76k185jg4ym5i3dz196lv19-nodejs-20.18.1"
        },
        "x86_64-darwin": {
          "outputs": [
            {
              "name": "out",
              "path": "/nix/store/gbrd92gjhi88lhj43bsa2y9zvcn4vsb8-nodejs-20.18.1",
              "default": true
            },
            {
              "name": "libv8",
              "path": "/nix/store/85x3jn8wf6n6ihr3ar70fhgc4p87znsq-nodejs-20.18.1-libv8"
            }
          ],
          "store_path": "/nix/store/gbrd92gjhi88lhj43bsa2y9zvcn4vsb8-nodejs-20.18.1"
        },
        "x86_64-linux": {
          "outputs": [
            {
              "name": "out",
              "path": "/nix/store/wfxq6w9bkp5dcfr8yb6789b0w7128gnb-nodejs-20.18.1",
              "default": true
            },
            {
              "name": "libv8",
              "path": "/nix/store/6cpw80r57lyippnjl5knrvymcwalv1m2-nodejs-20.18.1-libv8"
            }
          ],
          "store_path": "/nix/store/wfxq6w9bkp5dcfr8yb6789b0w7128gnb-nodejs-20.18.1"
        }
      }
    },
    "ormolu@0.7": {
      "last_modified": "2024-11-28T07:51:56Z",
      "resolved": "github:NixOS/nixpkgs/226216574ada4c3ecefcbbec41f39ce4655f78ef#ormolu",
      "source": "devbox-search",
      "version": "0.7.2.0",
      "systems": {
        "aarch64-darwin": {
          "outputs": [
            {
              "name": "bin",
              "path": "/nix/store/q2gngkfzy6sirrzddrwjmal02vhsaxqv-ormolu-0.7.2.0-bin",
              "default": true
            },
            {
              "name": "out",
              "path": "/nix/store/jq8awsbq6gahdhd8v6izcgr9ygkds4jk-ormolu-0.7.2.0"
            }
          ],
          "store_path": "/nix/store/q2gngkfzy6sirrzddrwjmal02vhsaxqv-ormolu-0.7.2.0-bin"
        },
        "aarch64-linux": {
          "outputs": [
            {
              "name": "bin",
              "path": "/nix/store/x2qsa1aa2p73bwbn2lf5fyx4cqz5c01h-ormolu-0.7.2.0-bin",
              "default": true
            },
            {
              "name": "out",
              "path": "/nix/store/xxn4m7j90fj2p27md02zy4n6vihc3pqs-ormolu-0.7.2.0"
            }
          ],
          "store_path": "/nix/store/x2qsa1aa2p73bwbn2lf5fyx4cqz5c01h-ormolu-0.7.2.0-bin"
        },
        "x86_64-darwin": {
          "outputs": [
            {
              "name": "bin",
              "path": "/nix/store/vnnqvhvsvcc5mvi18jn501bak40sjzca-ormolu-0.7.2.0-bin",
              "default": true
            },
            {
              "name": "out",
              "path": "/nix/store/j1wrfl9an1md0jcx9vp5zlbfms2ny057-ormolu-0.7.2.0"
            }
          ],
          "store_path": "/nix/store/vnnqvhvsvcc5mvi18jn501bak40sjzca-ormolu-0.7.2.0-bin"
        },
        "x86_64-linux": {
          "outputs": [
            {
              "name": "bin",
              "path": "/nix/store/kpgz6k5wkyr9cwxcg0wkncp4svalqski-ormolu-0.7.2.0-bin",
              "default": true
            },
            {
              "name": "out",
              "path": "/nix/store/ywvc1hhnrwljhn8p1wr28vxrl0whldjk-ormolu-0.7.2.0"
            }
          ],
          "store_path": "/nix/store/kpgz6k5wkyr9cwxcg0wkncp4svalqski-ormolu-0.7.2.0-bin"
        }
      }
    }
  }
}
