{
  "lockfile_version": "1",
  "packages": {
    "cabal-install@3.12": {
      "last_modified": "2025-01-09T11:09:19Z",
      "resolved": "github:NixOS/nixpkgs/32af3611f6f05655ca166a0b1f47b57c762b5192#cabal-install",
      "source": "devbox-search",
      "version": "3.12.1.0",
      "systems": {
        "aarch64-darwin": {
          "outputs": [
            {
              "name": "out",
              "path": "/nix/store/0k33gk9nix9cqxhs8080g7qhdfcwf981-cabal-install-3.12.1.0",
              "default": true
            }
          ],
          "store_path": "/nix/store/0k33gk9nix9cqxhs8080g7qhdfcwf981-cabal-install-3.12.1.0"
        },
        "aarch64-linux": {
          "outputs": [
            {
              "name": "out",
              "path": "/nix/store/008pl9phlrdq4ffb6m1265qmsgjxfhim-cabal-install-3.12.1.0",
              "default": true
            }
          ],
          "store_path": "/nix/store/008pl9phlrdq4ffb6m1265qmsgjxfhim-cabal-install-3.12.1.0"
        },
        "x86_64-darwin": {
          "outputs": [
            {
              "name": "out",
              "path": "/nix/store/qa6cn3wgshdzhlj1d4adkw114q596p5s-cabal-install-3.12.1.0",
              "default": true
            }
          ],
          "store_path": "/nix/store/qa6cn3wgshdzhlj1d4adkw114q596p5s-cabal-install-3.12.1.0"
        },
        "x86_64-linux": {
          "outputs": [
            {
              "name": "out",
              "path": "/nix/store/93026b1rsfca97b606pvrfx7hkbifb3x-cabal-install-3.12.1.0",
              "default": true
            }
          ],
          "store_path": "/nix/store/93026b1rsfca97b606pvrfx7hkbifb3x-cabal-install-3.12.1.0"
        }
      }
    },
    "ghc@9.10": {
      "last_modified": "2026-02-23T15:40:43Z",
      "plugin_version": "0.0.2",
      "resolved": "github:NixOS/nixpkgs/80d901ec0377e19ac3f7bb8c035201e2e098cc97#ghc",
      "source": "devbox-search",
      "version": "9.10.3",
      "systems": {
        "aarch64-darwin": {
          "outputs": [
            {
              "name": "out",
              "path": "/nix/store/5x2lj0zv8v9lgdajddhs282pi5byqjjn-ghc-9.10.3",
              "default": true
            },
            {
              "name": "doc",
              "path": "/nix/store/3zb57832krgbl7970s9k966v30bxjzcm-ghc-9.10.3-doc"
            }
          ],
          "store_path": "/nix/store/5x2lj0zv8v9lgdajddhs282pi5byqjjn-ghc-9.10.3"
        },
        "aarch64-linux": {
          "outputs": [
            {
              "name": "out",
              "path": "/nix/store/frbas4yzr6igbhx4pfb8d1p6j6iy5mpx-ghc-9.10.3",
              "default": true
            },
            {
              "name": "doc",
              "path": "/nix/store/shhs1prqqwgrqnz06havvkifcs12a3v4-ghc-9.10.3-doc"
            }
          ],
          "store_path": "/nix/store/frbas4yzr6igbhx4pfb8d1p6j6iy5mpx-ghc-9.10.3"
        },
        "x86_64-darwin": {
          "outputs": [
            {
              "name": "out",
              "path": "/nix/store/p1s7ndmbmfslmgp46apyk2xbc57n4ba8-ghc-9.10.3",
              "default": true
            },
            {
              "name": "doc",
              "path": "/nix/store/sraadzc5akmkqnncnk9fhnbaygl3pv06-ghc-9.10.3-doc"
            }
          ],
          "store_path": "/nix/store/p1s7ndmbmfslmgp46apyk2xbc57n4ba8-ghc-9.10.3"
        },
        "x86_64-linux": {
          "outputs": [
            {
              "name": "out",
              "path": "/nix/store/xva1k28a3vq0lkzf9f6q43krfq1lnmgr-ghc-9.10.3",
              "default": true
            },
            {
              "name": "doc",
              "path": "/nix/store/n4z3lmnsdaq2qv6y5c99bxrks23lxkh0-ghc-9.10.3-doc"
            }
          ],
          "store_path": "/nix/store/xva1k28a3vq0lkzf9f6q43krfq1lnmgr-ghc-9.10.3"
        }
      }
    },
    "github:NixOS/nixpkgs/nixpkgs-unstable": {
      "last_modified": "2026-03-04T00:49:39Z",
      "resolved": "github:NixOS/nixpkgs/0fd2db475afdde93c9e4b1625aafb8eb41b99807?lastModified=1772585379&narHash=sha256-zomLtA51H%2FqXAcjczveQFXPi%2FGuJUkPdpDeyu5bGI4M%3D"
    },
    "nodejs@20": {
      "last_modified": "2026-02-23T15:40:43Z",
      "plugin_version": "0.0.2",
      "resolved": "github:NixOS/nixpkgs/80d901ec0377e19ac3f7bb8c035201e2e098cc97#nodejs_20",
      "source": "devbox-search",
      "version": "20.20.0",
      "systems": {
        "aarch64-darwin": {
          "outputs": [
            {
              "name": "out",
              "path": "/nix/store/p67sinyz9hpn55z1vwkxlfl8ijl06ry1-nodejs-20.20.0",
              "default": true
            }
          ],
          "store_path": "/nix/store/p67sinyz9hpn55z1vwkxlfl8ijl06ry1-nodejs-20.20.0"
        },
        "aarch64-linux": {
          "outputs": [
            {
              "name": "out",
              "path": "/nix/store/sl165k6kchm8vdz0mk8i3gv7kdppcldx-nodejs-20.20.0",
              "default": true
            }
          ],
          "store_path": "/nix/store/sl165k6kchm8vdz0mk8i3gv7kdppcldx-nodejs-20.20.0"
        },
        "x86_64-darwin": {
          "outputs": [
            {
              "name": "out",
              "path": "/nix/store/hi0i1f9hrjh3xrb7zmxxxry7yaan94qj-nodejs-20.20.0",
              "default": true
            }
          ],
          "store_path": "/nix/store/hi0i1f9hrjh3xrb7zmxxxry7yaan94qj-nodejs-20.20.0"
        },
        "x86_64-linux": {
          "outputs": [
            {
              "name": "out",
              "path": "/nix/store/9fs868i30kqm70753nz8y55n24cvavzh-nodejs-20.20.0",
              "default": true
            }
          ],
          "store_path": "/nix/store/9fs868i30kqm70753nz8y55n24cvavzh-nodejs-20.20.0"
        }
      }
    },
    "ormolu@0.8": {
      "last_modified": "2026-02-23T15:40:43Z",
      "resolved": "github:NixOS/nixpkgs/80d901ec0377e19ac3f7bb8c035201e2e098cc97#ormolu",
      "source": "devbox-search",
      "version": "0.8.0.2",
      "systems": {
        "aarch64-darwin": {
          "outputs": [
            {
              "name": "bin",
              "path": "/nix/store/bm3miyma6qh08n20gjq69bz940wqwi9i-ormolu-0.8.0.2-bin",
              "default": true
            },
            {
              "name": "out",
              "path": "/nix/store/3l0fq0h3zmxpx08mkgbv2qg67bwn5lag-ormolu-0.8.0.2"
            }
          ],
          "store_path": "/nix/store/bm3miyma6qh08n20gjq69bz940wqwi9i-ormolu-0.8.0.2-bin"
        },
        "aarch64-linux": {
          "outputs": [
            {
              "name": "bin",
              "path": "/nix/store/vkmy19463yyql8c425vj4mhv1p9qdwh6-ormolu-0.8.0.2-bin",
              "default": true
            },
            {
              "name": "out",
              "path": "/nix/store/4c1qj37yw29pzp5in9sx5604gamdp0ii-ormolu-0.8.0.2"
            }
          ],
          "store_path": "/nix/store/vkmy19463yyql8c425vj4mhv1p9qdwh6-ormolu-0.8.0.2-bin"
        },
        "x86_64-darwin": {
          "outputs": [
            {
              "name": "bin",
              "path": "/nix/store/01bmcc7n43kzkjvifk3q786x9cg5jhwf-ormolu-0.8.0.2-bin",
              "default": true
            },
            {
              "name": "out",
              "path": "/nix/store/hq8lm8610ln1n22w89wp67jjl3i15igx-ormolu-0.8.0.2"
            }
          ],
          "store_path": "/nix/store/01bmcc7n43kzkjvifk3q786x9cg5jhwf-ormolu-0.8.0.2-bin"
        },
        "x86_64-linux": {
          "outputs": [
            {
              "name": "bin",
              "path": "/nix/store/vdsv18hfimw01ykgx6b6x12b9sy5fksi-ormolu-0.8.0.2-bin",
              "default": true
            },
            {
              "name": "out",
              "path": "/nix/store/6ws9ih025qq0v33ljshfgafcvqx3hgqd-ormolu-0.8.0.2"
            }
          ],
          "store_path": "/nix/store/vdsv18hfimw01ykgx6b6x12b9sy5fksi-ormolu-0.8.0.2-bin"
        }
      }
    }
  }
}
